
Microsoft Visual Studio Solution File, Format Version 12.00
# Visual Studio Version 16
VisualStudioVersion = 16.0.29102.190
MinimumVisualStudioVersion = 10.0.40219.1
Project("{FAE04EC0-301F-11D3-BF4B-00C04F79EFBC}") = "CellularAutomata", "CellularAutomata\CellularAutomata.csproj", "{C386613A-C243-49CF-90C8-8C0B2C9E71A5}"
EndProject
Global
	GlobalSection(SolutionConfigurationPlatforms) = preSolution
		Debug|Any CPU = Debug|Any CPU
		Release|Any CPU = Release|Any CPU
	EndGlobalSection
	GlobalSection(ProjectConfigurationPlatforms) = postSolution
		{C386613A-C243-49CF-90C8-8C0B2C9E71A5}.Debug|Any CPU.ActiveCfg = Debug|Any CPU
		{C386613A-C243-49CF-90C8-8C0B2C9E71A5}.Debug|Any CPU.Build.0 = Debug|Any CPU
		{C386613A-C243-49CF-90C8-8C0B2C9E71A5}.Release|Any CPU.ActiveCfg = Release|Any CPU
		{C386613A-C243-49CF-90C8-8C0B2C9E71A5}.Release|Any CPU.Build.0 = Release|Any CPU
	EndGlobalSection
	GlobalSection(SolutionProperties) = preSolution
		HideSolutionNode = FALSE
	EndGlobalSection
	GlobalSection(ExtensibilityGlobals) = postSolution
		SolutionGuid = {621F7AAD-F6F5-4812-84B4-354D86670E7E}
	EndGlobalSection
EndGlobal
